# This file is automatically @generated by Wally.
# It is not intended for manual editing.
registry = "test"

[[package]]
name = "csqrl/sift"
version = "0.0.8"
dependencies = []

[[package]]
name = "evaera/promise"
version = "4.0.0"
dependencies = []

[[package]]
name = "jsdotlua/boolean"
version = "1.2.3"
dependencies = [["Number", "jsdotlua/number@1.2.3"]]

[[package]]
name = "jsdotlua/collections"
version = "1.2.3"
dependencies = [["ES7Types", "jsdotlua/es7-types@1.2.3"], ["InstanceOf", "jsdotlua/instance-of@1.2.3"]]

[[package]]
name = "jsdotlua/console"
version = "1.2.3"
dependencies = [["Collections", "jsdotlua/collections@1.2.3"]]

[[package]]
name = "jsdotlua/es7-types"
version = "1.2.3"
dependencies = []

[[package]]
name = "jsdotlua/instance-of"
version = "1.2.3"
dependencies = []

[[package]]
name = "jsdotlua/luau-polyfill"
version = "1.2.3"
dependencies = [["Boolean", "jsdotlua/boolean@1.2.3"], ["Collections", "jsdotlua/collections@1.2.3"], ["Console", "jsdotlua/console@1.2.3"], ["ES7Types", "jsdotlua/es7-types@1.2.3"], ["InstanceOf", "jsdotlua/instance-of@1.2.3"], ["Math", "jsdotlua/math@1.2.3"], ["Number", "jsdotlua/number@1.2.3"], ["String", "jsdotlua/string@1.2.3"], ["Symbol", "jsdotlua/symbol@1.0.0"], ["Timers", "jsdotlua/timers@1.2.3"]]

[[package]]
name = "jsdotlua/math"
version = "1.2.3"
dependencies = []

[[package]]
name = "jsdotlua/number"
version = "1.2.3"
dependencies = []

[[package]]
name = "jsdotlua/react"
version = "17.0.2"
dependencies = [["LuauPolyfill", "jsdotlua/luau-polyfill@1.2.3"], ["Shared", "jsdotlua/shared@17.0.2"]]

[[package]]
name = "jsdotlua/shared"
version = "17.0.2"
dependencies = [["LuauPolyfill", "jsdotlua/luau-polyfill@1.2.3"]]

[[package]]
name = "jsdotlua/string"
version = "1.2.3"
dependencies = [["ES7Types", "jsdotlua/es7-types@1.2.3"], ["Number", "jsdotlua/number@1.2.3"]]

[[package]]
name = "jsdotlua/symbol"
version = "1.0.0"
dependencies = []

[[package]]
name = "jsdotlua/timers"
version = "1.2.3"
dependencies = [["Collections", "jsdotlua/collections@1.2.3"]]

[[package]]
name = "littensy/reflex"
version = "4.2.0"
dependencies = [["Promise", "evaera/promise@4.0.0"]]

[[package]]
name = "red-blox/bin"
version = "1.0.0"
dependencies = [["Spawn", "red-blox/spawn@1.0.0"]]

[[package]]
name = "red-blox/clock"
version = "1.0.0"
dependencies = []

[[package]]
name = "red-blox/collection"
version = "1.0.0"
dependencies = [["Spawn", "red-blox/spawn@1.0.0"]]

[[package]]
name = "red-blox/fetch"
version = "1.0.0"
dependencies = [["Promise", "red-blox/promise@1.1.1"]]

[[package]]
name = "red-blox/future"
version = "1.0.0"
dependencies = [["Spawn", "red-blox/spawn@1.0.0"]]

[[package]]
name = "red-blox/guard"
version = "1.0.0"
dependencies = []

[[package]]
name = "red-blox/promise"
version = "1.1.1"
dependencies = [["Spawn", "red-blox/spawn@1.0.0"]]

[[package]]
name = "red-blox/ratelimit"
version = "1.0.1"
dependencies = []

[[package]]
name = "red-blox/red"
version = "2.0.0-rc.11"
dependencies = [["Clock", "red-blox/clock@1.0.0"], ["Future", "red-blox/future@1.0.0"], ["Guard", "red-blox/guard@1.0.0"], ["Spawn", "red-blox/spawn@1.0.0"]]

[[package]]
name = "red-blox/signal"
version = "1.0.0"
dependencies = [["Promise", "red-blox/promise@1.1.1"], ["Spawn", "red-blox/spawn@1.0.0"]]

[[package]]
name = "red-blox/spawn"
version = "1.0.0"
dependencies = []

[[package]]
name = "win10/mathrun"
version = "0.1.0"
dependencies = [["Bin", "red-blox/bin@1.0.0"], ["Clock", "red-blox/clock@1.0.0"], ["Collection", "red-blox/collection@1.0.0"], ["Fetch", "red-blox/fetch@1.0.0"], ["Future", "red-blox/future@1.0.0"], ["Guard", "red-blox/guard@1.0.0"], ["Ratelimit", "red-blox/ratelimit@1.0.1"], ["React", "jsdotlua/react@17.0.2"], ["Red", "red-blox/red@2.0.0-rc.11"], ["Reflex", "littensy/reflex@4.2.0"], ["Sift", "csqrl/sift@0.0.8"], ["Signal", "red-blox/signal@1.0.0"], ["Spawn", "red-blox/spawn@1.0.0"]]
